
Microsoft Visual Studio Solution File, Format Version 12.00
# Visual Studio Version 17
VisualStudioVersion = 17.1.32228.430
MinimumVisualStudioVersion = 10.0.40219.1
Project("{FAE04EC0-301F-11D3-BF4B-00C04F79EFBC}") = "kdvhesaplama", "kdvhesaplama\kdvhesaplama.csproj", "{231E227F-9163-424B-88C8-1C2B71843A40}"
EndProject
Global
	GlobalSection(SolutionConfigurationPlatforms) = preSolution
		Debug|Any CPU = Debug|Any CPU
		Release|Any CPU = Release|Any CPU
	EndGlobalSection
	GlobalSection(ProjectConfigurationPlatforms) = postSolution
		{231E227F-9163-424B-88C8-1C2B71843A40}.Debug|Any CPU.ActiveCfg = Debug|Any CPU
		{231E227F-9163-424B-88C8-1C2B71843A40}.Debug|Any CPU.Build.0 = Debug|Any CPU
		{231E227F-9163-424B-88C8-1C2B71843A40}.Release|Any CPU.ActiveCfg = Release|Any CPU
		{231E227F-9163-424B-88C8-1C2B71843A40}.Release|Any CPU.Build.0 = Release|Any CPU
	EndGlobalSection
	GlobalSection(SolutionProperties) = preSolution
		HideSolutionNode = FALSE
	EndGlobalSection
	GlobalSection(ExtensibilityGlobals) = postSolution
		SolutionGuid = {384D8E15-5BAF-4662-BBAA-A61A2E4AF5F0}
	EndGlobalSection
EndGlobal
